
Microsoft Visual Studio Solution File, Format Version 12.00
# Visual Studio Version 16
VisualStudioVersion = 16.0.29209.62
MinimumVisualStudioVersion = 10.0.40219.1
Project("{FAE04EC0-301F-11D3-BF4B-00C04F79EFBC}") = "GuessMyNumber", "GuessMyNumber\GuessMyNumber.csproj", "{094B42AF-4DAF-41C5-B275-08DF30F59389}"
EndProject
Global
	GlobalSection(SolutionConfigurationPlatforms) = preSolution
		Debug|Any CPU = Debug|Any CPU
		Release|Any CPU = Release|Any CPU
	EndGlobalSection
	GlobalSection(ProjectConfigurationPlatforms) = postSolution
		{094B42AF-4DAF-41C5-B275-08DF30F59389}.Debug|Any CPU.ActiveCfg = Debug|Any CPU
		{094B42AF-4DAF-41C5-B275-08DF30F59389}.Debug|Any CPU.Build.0 = Debug|Any CPU
		{094B42AF-4DAF-41C5-B275-08DF30F59389}.Release|Any CPU.ActiveCfg = Release|Any CPU
		{094B42AF-4DAF-41C5-B275-08DF30F59389}.Release|Any CPU.Build.0 = Release|Any CPU
	EndGlobalSection
	GlobalSection(SolutionProperties) = preSolution
		HideSolutionNode = FALSE
	EndGlobalSection
	GlobalSection(ExtensibilityGlobals) = postSolution
		SolutionGuid = {5EC83487-CE4E-4E56-8C92-223D7E04FF7D}
	EndGlobalSection
EndGlobal
